
Microsoft Visual Studio Solution File, Format Version 12.00
# Visual Studio 15
VisualStudioVersion = 15.0.27130.2027
MinimumVisualStudioVersion = 10.0.40219.1
Project("{FAE04EC0-301F-11D3-BF4B-00C04F79EFBC}") = "Navigator", "Navigator\Navigator.csproj", "{C48E8C79-5803-4B03-9D82-6F48A3A76E54}"
EndProject
Project("{FAE04EC0-301F-11D3-BF4B-00C04F79EFBC}") = "Navigator.Tests", "Navigator.Tests\Navigator.Tests.csproj", "{450D828A-3AA1-4C8A-84F6-35AC99D1B2EE}"
EndProject
Global
	GlobalSection(SolutionConfigurationPlatforms) = preSolution
		Debug|Any CPU = Debug|Any CPU
		Release|Any CPU = Release|Any CPU
	EndGlobalSection
	GlobalSection(ProjectConfigurationPlatforms) = postSolution
		{C48E8C79-5803-4B03-9D82-6F48A3A76E54}.Debug|Any CPU.ActiveCfg = Debug|Any CPU
		{C48E8C79-5803-4B03-9D82-6F48A3A76E54}.Debug|Any CPU.Build.0 = Debug|Any CPU
		{C48E8C79-5803-4B03-9D82-6F48A3A76E54}.Release|Any CPU.ActiveCfg = Release|Any CPU
		{C48E8C79-5803-4B03-9D82-6F48A3A76E54}.Release|Any CPU.Build.0 = Release|Any CPU
		{450D828A-3AA1-4C8A-84F6-35AC99D1B2EE}.Debug|Any CPU.ActiveCfg = Debug|Any CPU
		{450D828A-3AA1-4C8A-84F6-35AC99D1B2EE}.Debug|Any CPU.Build.0 = Debug|Any CPU
		{450D828A-3AA1-4C8A-84F6-35AC99D1B2EE}.Release|Any CPU.ActiveCfg = Release|Any CPU
		{450D828A-3AA1-4C8A-84F6-35AC99D1B2EE}.Release|Any CPU.Build.0 = Release|Any CPU
	EndGlobalSection
	GlobalSection(SolutionProperties) = preSolution
		HideSolutionNode = FALSE
	EndGlobalSection
	GlobalSection(ExtensibilityGlobals) = postSolution
		SolutionGuid = {9C1A4A49-6644-4E25-9D82-7D373B638A64}
	EndGlobalSection
EndGlobal
